PODS:
  - Nimble (7.3.4)
  - PlayKitUtils (0.1.6)
  - Quick (1.2.0)

DEPENDENCIES:
  - Nimble (= 7.3.4)
  - PlayKitUtils (from `../`)
  - Quick (= 1.2.0)

SPEC REPOS:
  https://github.com/cocoapods/specs.git:
    - Nimble
    - Quick

EXTERNAL SOURCES:
  PlayKitUtils:
    :path: "../"

SPEC CHECKSUMS:
  Nimble: 051e3d8912d40138fa5591c78594f95fb172af37
  PlayKitUtils: 18499b27397736b0c01ae2d8f550d0148ef0a79c
  Quick: 58d203b1c5e27fff7229c4c1ae445ad7069a7a08

PODFILE CHECKSUM: 5c9c2a4a844566d4933b59b5d337c36bfd17e72a

COCOAPODS: 1.6.1
